
Microsoft Visual Studio Solution File, Format Version 12.00
# Visual Studio Version 17
VisualStudioVersion = 17.6.33815.320
MinimumVisualStudioVersion = 10.0.40219.1
Project("{FAE04EC0-301F-11D3-BF4B-00C04F79EFBC}") = "FutureSpaceAPI", "FutureSpaceAPI\FutureSpaceAPI.csproj", "{07283D10-77A3-4D65-BB01-A95F6462AC37}"
EndProject
Project("{FAE04EC0-301F-11D3-BF4B-00C04F79EFBC}") = "FutureSpaceAPI.Application", "FutureSpaceAPI.Application\FutureSpaceAPI.Application.csproj", "{9D52CA54-5799-4D91-BFCA-8F21F2304797}"
EndProject
Project("{FAE04EC0-301F-11D3-BF4B-00C04F79EFBC}") = "FutureSpaceAPI.Domain", "FutureSpaceAPI.Domain\FutureSpaceAPI.Domain.csproj", "{11B4E67A-0C1F-455F-B213-E16F02FA54A1}"
EndProject
Project("{2150E333-8FDC-42A3-9474-1A3956D46DE8}") = "Solution Items", "Solution Items", "{2D596635-843F-488F-AF6B-9B6EE60A1431}"
	ProjectSection(SolutionItems) = preProject
		.editorconfig = .editorconfig
	EndProjectSection
EndProject
Project("{9A19103F-16F7-4668-BE54-9A1E7A4F7556}") = "FutureSpaceAPI.Data", "FutureSpaceAPI.Data\FutureSpaceAPI.Data.csproj", "{D81012C4-2EE1-4BE7-AB5A-D7BA8A33B7A5}"
EndProject
Global
	GlobalSection(SolutionConfigurationPlatforms) = preSolution
		Debug|Any CPU = Debug|Any CPU
		Release|Any CPU = Release|Any CPU
	EndGlobalSection
	GlobalSection(ProjectConfigurationPlatforms) = postSolution
		{07283D10-77A3-4D65-BB01-A95F6462AC37}.Debug|Any CPU.ActiveCfg = Debug|Any CPU
		{07283D10-77A3-4D65-BB01-A95F6462AC37}.Debug|Any CPU.Build.0 = Debug|Any CPU
		{07283D10-77A3-4D65-BB01-A95F6462AC37}.Release|Any CPU.ActiveCfg = Release|Any CPU
		{07283D10-77A3-4D65-BB01-A95F6462AC37}.Release|Any CPU.Build.0 = Release|Any CPU
		{9D52CA54-5799-4D91-BFCA-8F21F2304797}.Debug|Any CPU.ActiveCfg = Debug|Any CPU
		{9D52CA54-5799-4D91-BFCA-8F21F2304797}.Debug|Any CPU.Build.0 = Debug|Any CPU
		{9D52CA54-5799-4D91-BFCA-8F21F2304797}.Release|Any CPU.ActiveCfg = Release|Any CPU
		{9D52CA54-5799-4D91-BFCA-8F21F2304797}.Release|Any CPU.Build.0 = Release|Any CPU
		{11B4E67A-0C1F-455F-B213-E16F02FA54A1}.Debug|Any CPU.ActiveCfg = Debug|Any CPU
		{11B4E67A-0C1F-455F-B213-E16F02FA54A1}.Debug|Any CPU.Build.0 = Debug|Any CPU
		{11B4E67A-0C1F-455F-B213-E16F02FA54A1}.Release|Any CPU.ActiveCfg = Release|Any CPU
		{11B4E67A-0C1F-455F-B213-E16F02FA54A1}.Release|Any CPU.Build.0 = Release|Any CPU
		{D81012C4-2EE1-4BE7-AB5A-D7BA8A33B7A5}.Debug|Any CPU.ActiveCfg = Debug|Any CPU
		{D81012C4-2EE1-4BE7-AB5A-D7BA8A33B7A5}.Debug|Any CPU.Build.0 = Debug|Any CPU
		{D81012C4-2EE1-4BE7-AB5A-D7BA8A33B7A5}.Release|Any CPU.ActiveCfg = Release|Any CPU
		{D81012C4-2EE1-4BE7-AB5A-D7BA8A33B7A5}.Release|Any CPU.Build.0 = Release|Any CPU
	EndGlobalSection
	GlobalSection(SolutionProperties) = preSolution
		HideSolutionNode = FALSE
	EndGlobalSection
	GlobalSection(ExtensibilityGlobals) = postSolution
		SolutionGuid = {7EAC2B62-5129-4BEB-9635-CDB59E0B23E9}
	EndGlobalSection
EndGlobal
